
Microsoft Visual Studio Solution File, Format Version 12.00
# Visual Studio Version 17
VisualStudioVersion = 17.10.35013.160
MinimumVisualStudioVersion = 10.0.40219.1
Project("{FAE04EC0-301F-11D3-BF4B-00C04F79EFBC}") = "RealWare.Core", "RealWare.Core\RealWare.Core.csproj", "{64EB3565-58F0-4623-AAD4-4AD620346726}"
EndProject
Global
	GlobalSection(SolutionConfigurationPlatforms) = preSolution
		Debug_v5_52|Any CPU = Debug_v5_52|Any CPU
		Debug_v6_19|Any CPU = Debug_v6_19|Any CPU
		Debug_v7_1|Any CPU = Debug_v7_1|Any CPU
		Debug|Any CPU = Debug|Any CPU
		Release_v5_52|Any CPU = Release_v5_52|Any CPU
		Release_v6_19|Any CPU = Release_v6_19|Any CPU
		Release_v7_1|Any CPU = Release_v7_1|Any CPU
		Release|Any CPU = Release|Any CPU
	EndGlobalSection
	GlobalSection(ProjectConfigurationPlatforms) = postSolution
		{64EB3565-58F0-4623-AAD4-4AD620346726}.Debug_v5_52|Any CPU.ActiveCfg = Debug_v5_52|Any CPU
		{64EB3565-58F0-4623-AAD4-4AD620346726}.Debug_v5_52|Any CPU.Build.0 = Debug_v5_52|Any CPU
		{64EB3565-58F0-4623-AAD4-4AD620346726}.Debug_v6_19|Any CPU.ActiveCfg = Debug_v6_19|Any CPU
		{64EB3565-58F0-4623-AAD4-4AD620346726}.Debug_v6_19|Any CPU.Build.0 = Debug_v6_19|Any CPU
		{64EB3565-58F0-4623-AAD4-4AD620346726}.Debug_v7_1|Any CPU.ActiveCfg = Debug_v7_1|Any CPU
		{64EB3565-58F0-4623-AAD4-4AD620346726}.Debug_v7_1|Any CPU.Build.0 = Debug_v7_1|Any CPU
		{64EB3565-58F0-4623-AAD4-4AD620346726}.Debug|Any CPU.ActiveCfg = Debug|Any CPU
		{64EB3565-58F0-4623-AAD4-4AD620346726}.Debug|Any CPU.Build.0 = Debug|Any CPU
		{64EB3565-58F0-4623-AAD4-4AD620346726}.Release_v5_52|Any CPU.ActiveCfg = Release_v5_52|Any CPU
		{64EB3565-58F0-4623-AAD4-4AD620346726}.Release_v5_52|Any CPU.Build.0 = Release_v5_52|Any CPU
		{64EB3565-58F0-4623-AAD4-4AD620346726}.Release_v6_19|Any CPU.ActiveCfg = Release_v6_19|Any CPU
		{64EB3565-58F0-4623-AAD4-4AD620346726}.Release_v6_19|Any CPU.Build.0 = Release_v6_19|Any CPU
		{64EB3565-58F0-4623-AAD4-4AD620346726}.Release_v7_1|Any CPU.ActiveCfg = Release|Any CPU
		{64EB3565-58F0-4623-AAD4-4AD620346726}.Release_v7_1|Any CPU.Build.0 = Release|Any CPU
		{64EB3565-58F0-4623-AAD4-4AD620346726}.Release|Any CPU.ActiveCfg = Release|Any CPU
		{64EB3565-58F0-4623-AAD4-4AD620346726}.Release|Any CPU.Build.0 = Release|Any CPU
	EndGlobalSection
	GlobalSection(SolutionProperties) = preSolution
		HideSolutionNode = FALSE
	EndGlobalSection
	GlobalSection(ExtensibilityGlobals) = postSolution
		SolutionGuid = {B3246BE0-69D0-4C55-A789-D2C35DD8C21F}
	EndGlobalSection
EndGlobal
